
Microsoft Visual Studio Solution File, Format Version 12.00
# Visual Studio 15
VisualStudioVersion = 15.0.28307.757
MinimumVisualStudioVersion = 10.0.40219.1
Project("{2150E333-8FDC-42A3-9474-1A3956D46DE8}") = "1.Servicios", "1.Servicios", "{9FB2EB63-0EA8-4A48-92A8-A58CE65C7310}"
EndProject
Project("{2150E333-8FDC-42A3-9474-1A3956D46DE8}") = "2.Data", "2.Data", "{2634D4B1-257E-45F3-BA69-A9FC2324882E}"
EndProject
Project("{2150E333-8FDC-42A3-9474-1A3956D46DE8}") = "3.Entidades", "3.Entidades", "{4DBF2954-51A7-40A0-A6C7-3ED5BDD80AEE}"
EndProject
Project("{2150E333-8FDC-42A3-9474-1A3956D46DE8}") = "4.Negocio", "4.Negocio", "{2D7B3257-D44A-4E41-98D1-0BCE2C148536}"
EndProject
Project("{FAE04EC0-301F-11D3-BF4B-00C04F79EFBC}") = "FarumApi", "ForumApi\FarumApi.csproj", "{BCB9FC57-B190-4F19-BFF8-BCDCB030F53A}"
EndProject
Project("{FAE04EC0-301F-11D3-BF4B-00C04F79EFBC}") = "Datos.SqlServer", "Datos.SqlServer\Datos.SqlServer.csproj", "{68D88FE3-F30A-483F-ACB5-FD03C48CF249}"
EndProject
Project("{FAE04EC0-301F-11D3-BF4B-00C04F79EFBC}") = "Entidades", "Entidades\Entidades.csproj", "{7C5B7087-53D0-47CD-881B-4BA19E5BCC37}"
EndProject
Project("{FAE04EC0-301F-11D3-BF4B-00C04F79EFBC}") = "Negocio", "Negocio\Negocio.csproj", "{DD526EED-D392-43E6-BCCB-049BE9BCD47C}"
EndProject
Global
	GlobalSection(SolutionConfigurationPlatforms) = preSolution
		Debug|Any CPU = Debug|Any CPU
		Release|Any CPU = Release|Any CPU
	EndGlobalSection
	GlobalSection(ProjectConfigurationPlatforms) = postSolution
		{BCB9FC57-B190-4F19-BFF8-BCDCB030F53A}.Debug|Any CPU.ActiveCfg = Debug|Any CPU
		{BCB9FC57-B190-4F19-BFF8-BCDCB030F53A}.Debug|Any CPU.Build.0 = Debug|Any CPU
		{BCB9FC57-B190-4F19-BFF8-BCDCB030F53A}.Release|Any CPU.ActiveCfg = Release|Any CPU
		{BCB9FC57-B190-4F19-BFF8-BCDCB030F53A}.Release|Any CPU.Build.0 = Release|Any CPU
		{68D88FE3-F30A-483F-ACB5-FD03C48CF249}.Debug|Any CPU.ActiveCfg = Debug|Any CPU
		{68D88FE3-F30A-483F-ACB5-FD03C48CF249}.Debug|Any CPU.Build.0 = Debug|Any CPU
		{68D88FE3-F30A-483F-ACB5-FD03C48CF249}.Release|Any CPU.ActiveCfg = Release|Any CPU
		{68D88FE3-F30A-483F-ACB5-FD03C48CF249}.Release|Any CPU.Build.0 = Release|Any CPU
		{7C5B7087-53D0-47CD-881B-4BA19E5BCC37}.Debug|Any CPU.ActiveCfg = Debug|Any CPU
		{7C5B7087-53D0-47CD-881B-4BA19E5BCC37}.Debug|Any CPU.Build.0 = Debug|Any CPU
		{7C5B7087-53D0-47CD-881B-4BA19E5BCC37}.Release|Any CPU.ActiveCfg = Release|Any CPU
		{7C5B7087-53D0-47CD-881B-4BA19E5BCC37}.Release|Any CPU.Build.0 = Release|Any CPU
		{DD526EED-D392-43E6-BCCB-049BE9BCD47C}.Debug|Any CPU.ActiveCfg = Debug|Any CPU
		{DD526EED-D392-43E6-BCCB-049BE9BCD47C}.Debug|Any CPU.Build.0 = Debug|Any CPU
		{DD526EED-D392-43E6-BCCB-049BE9BCD47C}.Release|Any CPU.ActiveCfg = Release|Any CPU
		{DD526EED-D392-43E6-BCCB-049BE9BCD47C}.Release|Any CPU.Build.0 = Release|Any CPU
	EndGlobalSection
	GlobalSection(SolutionProperties) = preSolution
		HideSolutionNode = FALSE
	EndGlobalSection
	GlobalSection(NestedProjects) = preSolution
		{BCB9FC57-B190-4F19-BFF8-BCDCB030F53A} = {9FB2EB63-0EA8-4A48-92A8-A58CE65C7310}
		{68D88FE3-F30A-483F-ACB5-FD03C48CF249} = {2634D4B1-257E-45F3-BA69-A9FC2324882E}
		{7C5B7087-53D0-47CD-881B-4BA19E5BCC37} = {4DBF2954-51A7-40A0-A6C7-3ED5BDD80AEE}
		{DD526EED-D392-43E6-BCCB-049BE9BCD47C} = {2D7B3257-D44A-4E41-98D1-0BCE2C148536}
	EndGlobalSection
	GlobalSection(ExtensibilityGlobals) = postSolution
		SolutionGuid = {A6BE3DEE-5CEC-48EF-8AE5-74198712EDEE}
	EndGlobalSection
EndGlobal
